
Microsoft Visual Studio Solution File, Format Version 12.00
# Visual Studio Version 17
VisualStudioVersion = 17.0.31903.59
MinimumVisualStudioVersion = 10.0.40219.1
Project("{2150E333-8FDC-42A3-9474-1A3956D46DE8}") = "src", "src", "{827E0CD3-B72D-47B6-A68D-7590B98EB39B}"
EndProject
Project("{2150E333-8FDC-42A3-9474-1A3956D46DE8}") = "Shared", "Shared", "{C8E42992-5E42-0C2B-DBFE-AA848D06431C}"
EndProject
Project("{FAE04EC0-301F-11D3-BF4B-00C04F79EFBC}") = "ArchitecturePlayground.Common.Abstractions", "src\Shared\ArchitecturePlayground.Common.Abstractions\ArchitecturePlayground.Common.Abstractions.csproj", "{7907C6E0-BB65-455B-AC61-F7D600F1431B}"
EndProject
Project("{FAE04EC0-301F-11D3-BF4B-00C04F79EFBC}") = "ArchitecturePlayground.Common.Infrastructure", "src\Shared\ArchitecturePlayground.Common.Infrastructure\ArchitecturePlayground.Common.Infrastructure.csproj", "{00CED4EB-18CD-465B-85CF-C1EB5EB29D35}"
EndProject
Project("{FAE04EC0-301F-11D3-BF4B-00C04F79EFBC}") = "ArchitecturePlayground.Common.Contracts", "src\Shared\ArchitecturePlayground.Common.Contracts\ArchitecturePlayground.Common.Contracts.csproj", "{6F52588D-3FBB-4951-82C9-EAC91241B8A7}"
EndProject
Project("{FAE04EC0-301F-11D3-BF4B-00C04F79EFBC}") = "Identity.Contracts", "src\Modules\Identity\Identity.Contracts\Identity.Contracts.csproj", "{4E203DC3-1775-4279-92AE-DDED603A8C8B}"
EndProject
Project("{FAE04EC0-301F-11D3-BF4B-00C04F79EFBC}") = "Identity.Core", "src\Modules\Identity\Identity.Core\Identity.Core.csproj", "{0F22E04F-3E00-4710-87AC-698A7CBB2220}"
EndProject
Project("{FAE04EC0-301F-11D3-BF4B-00C04F79EFBC}") = "Identity.Infrastructure", "src\Modules\Identity\Identity.Infrastructure\Identity.Infrastructure.csproj", "{1EDA074F-EAC3-4B84-81AA-FF729FF4A595}"
EndProject
Project("{FAE04EC0-301F-11D3-BF4B-00C04F79EFBC}") = "Catalog.Contracts", "src\Modules\Catalog\Catalog.Contracts\Catalog.Contracts.csproj", "{75B0FF1D-17BD-4279-A3B0-4820F048E9EA}"
EndProject
Project("{FAE04EC0-301F-11D3-BF4B-00C04F79EFBC}") = "Catalog.Core", "src\Modules\Catalog\Catalog.Core\Catalog.Core.csproj", "{F139D1B9-218D-4634-AB5B-463E082AC8F7}"
EndProject
Project("{FAE04EC0-301F-11D3-BF4B-00C04F79EFBC}") = "Catalog.Infrastructure", "src\Modules\Catalog\Catalog.Infrastructure\Catalog.Infrastructure.csproj", "{51381BE0-F65F-4BB0-914B-41788537A6B5}"
EndProject
Project("{FAE04EC0-301F-11D3-BF4B-00C04F79EFBC}") = "Ordering.Contracts", "src\Modules\Ordering\Ordering.Contracts\Ordering.Contracts.csproj", "{C6C780C5-2C31-4755-AA9A-244B21BD48D3}"
EndProject
Project("{FAE04EC0-301F-11D3-BF4B-00C04F79EFBC}") = "Ordering.Core", "src\Modules\Ordering\Ordering.Core\Ordering.Core.csproj", "{12E4EB76-1F4B-4D9B-904B-8B9FF605723F}"
EndProject
Project("{FAE04EC0-301F-11D3-BF4B-00C04F79EFBC}") = "Ordering.Infrastructure", "src\Modules\Ordering\Ordering.Infrastructure\Ordering.Infrastructure.csproj", "{93FB6952-A509-45A1-AE61-6183BF991665}"
EndProject
Project("{FAE04EC0-301F-11D3-BF4B-00C04F79EFBC}") = "Basket.Contracts", "src\Modules\Basket\Basket.Contracts\Basket.Contracts.csproj", "{D655E66C-A454-4AE1-A745-35E650D3C105}"
EndProject
Project("{FAE04EC0-301F-11D3-BF4B-00C04F79EFBC}") = "Basket.Core", "src\Modules\Basket\Basket.Core\Basket.Core.csproj", "{FF7D6274-01FF-4531-B898-FD0D210FF6C2}"
EndProject
Project("{FAE04EC0-301F-11D3-BF4B-00C04F79EFBC}") = "Basket.Infrastructure", "src\Modules\Basket\Basket.Infrastructure\Basket.Infrastructure.csproj", "{15763AAD-1602-4C1B-BA0B-D0FA558C3C1F}"
EndProject
Project("{FAE04EC0-301F-11D3-BF4B-00C04F79EFBC}") = "Payment.Contracts", "src\Modules\Payment\Payment.Contracts\Payment.Contracts.csproj", "{A115A30A-4675-456C-8912-309664021E16}"
EndProject
Project("{FAE04EC0-301F-11D3-BF4B-00C04F79EFBC}") = "Payment.Core", "src\Modules\Payment\Payment.Core\Payment.Core.csproj", "{E10D8F9B-7A1A-4FC0-8EAE-62868DA12760}"
EndProject
Project("{FAE04EC0-301F-11D3-BF4B-00C04F79EFBC}") = "Payment.Infrastructure", "src\Modules\Payment\Payment.Infrastructure\Payment.Infrastructure.csproj", "{99F31F4D-24E0-497B-990E-51D4BF977321}"
EndProject
Project("{FAE04EC0-301F-11D3-BF4B-00C04F79EFBC}") = "Notification.Contracts", "src\Modules\Notification\Notification.Contracts\Notification.Contracts.csproj", "{1BF8AD7F-5931-461C-9A1F-892D0CF4B3AB}"
EndProject
Project("{FAE04EC0-301F-11D3-BF4B-00C04F79EFBC}") = "Notification.Core", "src\Modules\Notification\Notification.Core\Notification.Core.csproj", "{E25E243D-4F17-4188-AC86-F77A597C14B3}"
EndProject
Project("{FAE04EC0-301F-11D3-BF4B-00C04F79EFBC}") = "Notification.Infrastructure", "src\Modules\Notification\Notification.Infrastructure\Notification.Infrastructure.csproj", "{32960131-35F0-488B-B692-A173600E02F3}"
EndProject
Project("{FAE04EC0-301F-11D3-BF4B-00C04F79EFBC}") = "ArchitecturePlayground.API", "src\Bootstrapper\ArchitecturePlayground.API\ArchitecturePlayground.API.csproj", "{7A1EBD2C-46DA-4433-AC50-07B7D922AEA8}"
EndProject
Project("{FAE04EC0-301F-11D3-BF4B-00C04F79EFBC}") = "Architecture.Tests", "tests\Architecture.Tests\Architecture.Tests.csproj", "{CE7A90A1-3099-441F-83F5-8910A07E1D4D}"
EndProject
Project("{FAE04EC0-301F-11D3-BF4B-00C04F79EFBC}") = "Identity.Tests", "tests\Modules\Identity.Tests\Identity.Tests.csproj", "{A1B06004-3D70-41A8-AB31-3D3E2DF1B6D2}"
EndProject
Global
	GlobalSection(SolutionConfigurationPlatforms) = preSolution
		Debug|Any CPU = Debug|Any CPU
		Debug|x64 = Debug|x64
		Debug|x86 = Debug|x86
		Release|Any CPU = Release|Any CPU
		Release|x64 = Release|x64
		Release|x86 = Release|x86
	EndGlobalSection
	GlobalSection(ProjectConfigurationPlatforms) = postSolution
		{7907C6E0-BB65-455B-AC61-F7D600F1431B}.Debug|Any CPU.ActiveCfg = Debug|Any CPU
		{7907C6E0-BB65-455B-AC61-F7D600F1431B}.Debug|Any CPU.Build.0 = Debug|Any CPU
		{7907C6E0-BB65-455B-AC61-F7D600F1431B}.Debug|x64.ActiveCfg = Debug|Any CPU
		{7907C6E0-BB65-455B-AC61-F7D600F1431B}.Debug|x64.Build.0 = Debug|Any CPU
		{7907C6E0-BB65-455B-AC61-F7D600F1431B}.Debug|x86.ActiveCfg = Debug|Any CPU
		{7907C6E0-BB65-455B-AC61-F7D600F1431B}.Debug|x86.Build.0 = Debug|Any CPU
		{7907C6E0-BB65-455B-AC61-F7D600F1431B}.Release|Any CPU.ActiveCfg = Release|Any CPU
		{7907C6E0-BB65-455B-AC61-F7D600F1431B}.Release|Any CPU.Build.0 = Release|Any CPU
		{7907C6E0-BB65-455B-AC61-F7D600F1431B}.Release|x64.ActiveCfg = Release|Any CPU
		{7907C6E0-BB65-455B-AC61-F7D600F1431B}.Release|x64.Build.0 = Release|Any CPU
		{7907C6E0-BB65-455B-AC61-F7D600F1431B}.Release|x86.ActiveCfg = Release|Any CPU
		{7907C6E0-BB65-455B-AC61-F7D600F1431B}.Release|x86.Build.0 = Release|Any CPU
		{00CED4EB-18CD-465B-85CF-C1EB5EB29D35}.Debug|Any CPU.ActiveCfg = Debug|Any CPU
		{00CED4EB-18CD-465B-85CF-C1EB5EB29D35}.Debug|Any CPU.Build.0 = Debug|Any CPU
		{00CED4EB-18CD-465B-85CF-C1EB5EB29D35}.Debug|x64.ActiveCfg = Debug|Any CPU
		{00CED4EB-18CD-465B-85CF-C1EB5EB29D35}.Debug|x64.Build.0 = Debug|Any CPU
		{00CED4EB-18CD-465B-85CF-C1EB5EB29D35}.Debug|x86.ActiveCfg = Debug|Any CPU
		{00CED4EB-18CD-465B-85CF-C1EB5EB29D35}.Debug|x86.Build.0 = Debug|Any CPU
		{00CED4EB-18CD-465B-85CF-C1EB5EB29D35}.Release|Any CPU.ActiveCfg = Release|Any CPU
		{00CED4EB-18CD-465B-85CF-C1EB5EB29D35}.Release|Any CPU.Build.0 = Release|Any CPU
		{00CED4EB-18CD-465B-85CF-C1EB5EB29D35}.Release|x64.ActiveCfg = Release|Any CPU
		{00CED4EB-18CD-465B-85CF-C1EB5EB29D35}.Release|x64.Build.0 = Release|Any CPU
		{00CED4EB-18CD-465B-85CF-C1EB5EB29D35}.Release|x86.ActiveCfg = Release|Any CPU
		{00CED4EB-18CD-465B-85CF-C1EB5EB29D35}.Release|x86.Build.0 = Release|Any CPU
		{6F52588D-3FBB-4951-82C9-EAC91241B8A7}.Debug|Any CPU.ActiveCfg = Debug|Any CPU
		{6F52588D-3FBB-4951-82C9-EAC91241B8A7}.Debug|Any CPU.Build.0 = Debug|Any CPU
		{6F52588D-3FBB-4951-82C9-EAC91241B8A7}.Debug|x64.ActiveCfg = Debug|Any CPU
		{6F52588D-3FBB-4951-82C9-EAC91241B8A7}.Debug|x64.Build.0 = Debug|Any CPU
		{6F52588D-3FBB-4951-82C9-EAC91241B8A7}.Debug|x86.ActiveCfg = Debug|Any CPU
		{6F52588D-3FBB-4951-82C9-EAC91241B8A7}.Debug|x86.Build.0 = Debug|Any CPU
		{6F52588D-3FBB-4951-82C9-EAC91241B8A7}.Release|Any CPU.ActiveCfg = Release|Any CPU
		{6F52588D-3FBB-4951-82C9-EAC91241B8A7}.Release|Any CPU.Build.0 = Release|Any CPU
		{6F52588D-3FBB-4951-82C9-EAC91241B8A7}.Release|x64.ActiveCfg = Release|Any CPU
		{6F52588D-3FBB-4951-82C9-EAC91241B8A7}.Release|x64.Build.0 = Release|Any CPU
		{6F52588D-3FBB-4951-82C9-EAC91241B8A7}.Release|x86.ActiveCfg = Release|Any CPU
		{6F52588D-3FBB-4951-82C9-EAC91241B8A7}.Release|x86.Build.0 = Release|Any CPU
		{4E203DC3-1775-4279-92AE-DDED603A8C8B}.Debug|Any CPU.ActiveCfg = Debug|Any CPU
		{4E203DC3-1775-4279-92AE-DDED603A8C8B}.Debug|Any CPU.Build.0 = Debug|Any CPU
		{4E203DC3-1775-4279-92AE-DDED603A8C8B}.Debug|x64.ActiveCfg = Debug|Any CPU
		{4E203DC3-1775-4279-92AE-DDED603A8C8B}.Debug|x64.Build.0 = Debug|Any CPU
		{4E203DC3-1775-4279-92AE-DDED603A8C8B}.Debug|x86.ActiveCfg = Debug|Any CPU
		{4E203DC3-1775-4279-92AE-DDED603A8C8B}.Debug|x86.Build.0 = Debug|Any CPU
		{4E203DC3-1775-4279-92AE-DDED603A8C8B}.Release|Any CPU.ActiveCfg = Release|Any CPU
		{4E203DC3-1775-4279-92AE-DDED603A8C8B}.Release|Any CPU.Build.0 = Release|Any CPU
		{4E203DC3-1775-4279-92AE-DDED603A8C8B}.Release|x64.ActiveCfg = Release|Any CPU
		{4E203DC3-1775-4279-92AE-DDED603A8C8B}.Release|x64.Build.0 = Release|Any CPU
		{4E203DC3-1775-4279-92AE-DDED603A8C8B}.Release|x86.ActiveCfg = Release|Any CPU
		{4E203DC3-1775-4279-92AE-DDED603A8C8B}.Release|x86.Build.0 = Release|Any CPU
		{0F22E04F-3E00-4710-87AC-698A7CBB2220}.Debug|Any CPU.ActiveCfg = Debug|Any CPU
		{0F22E04F-3E00-4710-87AC-698A7CBB2220}.Debug|Any CPU.Build.0 = Debug|Any CPU
		{0F22E04F-3E00-4710-87AC-698A7CBB2220}.Debug|x64.ActiveCfg = Debug|Any CPU
		{0F22E04F-3E00-4710-87AC-698A7CBB2220}.Debug|x64.Build.0 = Debug|Any CPU
		{0F22E04F-3E00-4710-87AC-698A7CBB2220}.Debug|x86.ActiveCfg = Debug|Any CPU
		{0F22E04F-3E00-4710-87AC-698A7CBB2220}.Debug|x86.Build.0 = Debug|Any CPU
		{0F22E04F-3E00-4710-87AC-698A7CBB2220}.Release|Any CPU.ActiveCfg = Release|Any CPU
		{0F22E04F-3E00-4710-87AC-698A7CBB2220}.Release|Any CPU.Build.0 = Release|Any CPU
		{0F22E04F-3E00-4710-87AC-698A7CBB2220}.Release|x64.ActiveCfg = Release|Any CPU
		{0F22E04F-3E00-4710-87AC-698A7CBB2220}.Release|x64.Build.0 = Release|Any CPU
		{0F22E04F-3E00-4710-87AC-698A7CBB2220}.Release|x86.ActiveCfg = Release|Any CPU
		{0F22E04F-3E00-4710-87AC-698A7CBB2220}.Release|x86.Build.0 = Release|Any CPU
		{1EDA074F-EAC3-4B84-81AA-FF729FF4A595}.Debug|Any CPU.ActiveCfg = Debug|Any CPU
		{1EDA074F-EAC3-4B84-81AA-FF729FF4A595}.Debug|Any CPU.Build.0 = Debug|Any CPU
		{1EDA074F-EAC3-4B84-81AA-FF729FF4A595}.Debug|x64.ActiveCfg = Debug|Any CPU
		{1EDA074F-EAC3-4B84-81AA-FF729FF4A595}.Debug|x64.Build.0 = Debug|Any CPU
		{1EDA074F-EAC3-4B84-81AA-FF729FF4A595}.Debug|x86.ActiveCfg = Debug|Any CPU
		{1EDA074F-EAC3-4B84-81AA-FF729FF4A595}.Debug|x86.Build.0 = Debug|Any CPU
		{1EDA074F-EAC3-4B84-81AA-FF729FF4A595}.Release|Any CPU.ActiveCfg = Release|Any CPU
		{1EDA074F-EAC3-4B84-81AA-FF729FF4A595}.Release|Any CPU.Build.0 = Release|Any CPU
		{1EDA074F-EAC3-4B84-81AA-FF729FF4A595}.Release|x64.ActiveCfg = Release|Any CPU
		{1EDA074F-EAC3-4B84-81AA-FF729FF4A595}.Release|x64.Build.0 = Release|Any CPU
		{1EDA074F-EAC3-4B84-81AA-FF729FF4A595}.Release|x86.ActiveCfg = Release|Any CPU
		{1EDA074F-EAC3-4B84-81AA-FF729FF4A595}.Release|x86.Build.0 = Release|Any CPU
		{75B0FF1D-17BD-4279-A3B0-4820F048E9EA}.Debug|Any CPU.ActiveCfg = Debug|Any CPU
		{75B0FF1D-17BD-4279-A3B0-4820F048E9EA}.Debug|Any CPU.Build.0 = Debug|Any CPU
		{75B0FF1D-17BD-4279-A3B0-4820F048E9EA}.Debug|x64.ActiveCfg = Debug|Any CPU
		{75B0FF1D-17BD-4279-A3B0-4820F048E9EA}.Debug|x64.Build.0 = Debug|Any CPU
		{75B0FF1D-17BD-4279-A3B0-4820F048E9EA}.Debug|x86.ActiveCfg = Debug|Any CPU
		{75B0FF1D-17BD-4279-A3B0-4820F048E9EA}.Debug|x86.Build.0 = Debug|Any CPU
		{75B0FF1D-17BD-4279-A3B0-4820F048E9EA}.Release|Any CPU.ActiveCfg = Release|Any CPU
		{75B0FF1D-17BD-4279-A3B0-4820F048E9EA}.Release|Any CPU.Build.0 = Release|Any CPU
		{75B0FF1D-17BD-4279-A3B0-4820F048E9EA}.Release|x64.ActiveCfg = Release|Any CPU
		{75B0FF1D-17BD-4279-A3B0-4820F048E9EA}.Release|x64.Build.0 = Release|Any CPU
		{75B0FF1D-17BD-4279-A3B0-4820F048E9EA}.Release|x86.ActiveCfg = Release|Any CPU
		{75B0FF1D-17BD-4279-A3B0-4820F048E9EA}.Release|x86.Build.0 = Release|Any CPU
		{F139D1B9-218D-4634-AB5B-463E082AC8F7}.Debug|Any CPU.ActiveCfg = Debug|Any CPU
		{F139D1B9-218D-4634-AB5B-463E082AC8F7}.Debug|Any CPU.Build.0 = Debug|Any CPU
		{F139D1B9-218D-4634-AB5B-463E082AC8F7}.Debug|x64.ActiveCfg = Debug|Any CPU
		{F139D1B9-218D-4634-AB5B-463E082AC8F7}.Debug|x64.Build.0 = Debug|Any CPU
		{F139D1B9-218D-4634-AB5B-463E082AC8F7}.Debug|x86.ActiveCfg = Debug|Any CPU
		{F139D1B9-218D-4634-AB5B-463E082AC8F7}.Debug|x86.Build.0 = Debug|Any CPU
		{F139D1B9-218D-4634-AB5B-463E082AC8F7}.Release|Any CPU.ActiveCfg = Release|Any CPU
		{F139D1B9-218D-4634-AB5B-463E082AC8F7}.Release|Any CPU.Build.0 = Release|Any CPU
		{F139D1B9-218D-4634-AB5B-463E082AC8F7}.Release|x64.ActiveCfg = Release|Any CPU
		{F139D1B9-218D-4634-AB5B-463E082AC8F7}.Release|x64.Build.0 = Release|Any CPU
		{F139D1B9-218D-4634-AB5B-463E082AC8F7}.Release|x86.ActiveCfg = Release|Any CPU
		{F139D1B9-218D-4634-AB5B-463E082AC8F7}.Release|x86.Build.0 = Release|Any CPU
		{51381BE0-F65F-4BB0-914B-41788537A6B5}.Debug|Any CPU.ActiveCfg = Debug|Any CPU
		{51381BE0-F65F-4BB0-914B-41788537A6B5}.Debug|Any CPU.Build.0 = Debug|Any CPU
		{51381BE0-F65F-4BB0-914B-41788537A6B5}.Debug|x64.ActiveCfg = Debug|Any CPU
		{51381BE0-F65F-4BB0-914B-41788537A6B5}.Debug|x64.Build.0 = Debug|Any CPU
		{51381BE0-F65F-4BB0-914B-41788537A6B5}.Debug|x86.ActiveCfg = Debug|Any CPU
		{51381BE0-F65F-4BB0-914B-41788537A6B5}.Debug|x86.Build.0 = Debug|Any CPU
		{51381BE0-F65F-4BB0-914B-41788537A6B5}.Release|Any CPU.ActiveCfg = Release|Any CPU
		{51381BE0-F65F-4BB0-914B-41788537A6B5}.Release|Any CPU.Build.0 = Release|Any CPU
		{51381BE0-F65F-4BB0-914B-41788537A6B5}.Release|x64.ActiveCfg = Release|Any CPU
		{51381BE0-F65F-4BB0-914B-41788537A6B5}.Release|x64.Build.0 = Release|Any CPU
		{51381BE0-F65F-4BB0-914B-41788537A6B5}.Release|x86.ActiveCfg = Release|Any CPU
		{51381BE0-F65F-4BB0-914B-41788537A6B5}.Release|x86.Build.0 = Release|Any CPU
		{C6C780C5-2C31-4755-AA9A-244B21BD48D3}.Debug|Any CPU.ActiveCfg = Debug|Any CPU
		{C6C780C5-2C31-4755-AA9A-244B21BD48D3}.Debug|Any CPU.Build.0 = Debug|Any CPU
		{C6C780C5-2C31-4755-AA9A-244B21BD48D3}.Debug|x64.ActiveCfg = Debug|Any CPU
		{C6C780C5-2C31-4755-AA9A-244B21BD48D3}.Debug|x64.Build.0 = Debug|Any CPU
		{C6C780C5-2C31-4755-AA9A-244B21BD48D3}.Debug|x86.ActiveCfg = Debug|Any CPU
		{C6C780C5-2C31-4755-AA9A-244B21BD48D3}.Debug|x86.Build.0 = Debug|Any CPU
		{C6C780C5-2C31-4755-AA9A-244B21BD48D3}.Release|Any CPU.ActiveCfg = Release|Any CPU
		{C6C780C5-2C31-4755-AA9A-244B21BD48D3}.Release|Any CPU.Build.0 = Release|Any CPU
		{C6C780C5-2C31-4755-AA9A-244B21BD48D3}.Release|x64.ActiveCfg = Release|Any CPU
		{C6C780C5-2C31-4755-AA9A-244B21BD48D3}.Release|x64.Build.0 = Release|Any CPU
		{C6C780C5-2C31-4755-AA9A-244B21BD48D3}.Release|x86.ActiveCfg = Release|Any CPU
		{C6C780C5-2C31-4755-AA9A-244B21BD48D3}.Release|x86.Build.0 = Release|Any CPU
		{12E4EB76-1F4B-4D9B-904B-8B9FF605723F}.Debug|Any CPU.ActiveCfg = Debug|Any CPU
		{12E4EB76-1F4B-4D9B-904B-8B9FF605723F}.Debug|Any CPU.Build.0 = Debug|Any CPU
		{12E4EB76-1F4B-4D9B-904B-8B9FF605723F}.Debug|x64.ActiveCfg = Debug|Any CPU
		{12E4EB76-1F4B-4D9B-904B-8B9FF605723F}.Debug|x64.Build.0 = Debug|Any CPU
		{12E4EB76-1F4B-4D9B-904B-8B9FF605723F}.Debug|x86.ActiveCfg = Debug|Any CPU
		{12E4EB76-1F4B-4D9B-904B-8B9FF605723F}.Debug|x86.Build.0 = Debug|Any CPU
		{12E4EB76-1F4B-4D9B-904B-8B9FF605723F}.Release|Any CPU.ActiveCfg = Release|Any CPU
		{12E4EB76-1F4B-4D9B-904B-8B9FF605723F}.Release|Any CPU.Build.0 = Release|Any CPU
		{12E4EB76-1F4B-4D9B-904B-8B9FF605723F}.Release|x64.ActiveCfg = Release|Any CPU
		{12E4EB76-1F4B-4D9B-904B-8B9FF605723F}.Release|x64.Build.0 = Release|Any CPU
		{12E4EB76-1F4B-4D9B-904B-8B9FF605723F}.Release|x86.ActiveCfg = Release|Any CPU
		{12E4EB76-1F4B-4D9B-904B-8B9FF605723F}.Release|x86.Build.0 = Release|Any CPU
		{93FB6952-A509-45A1-AE61-6183BF991665}.Debug|Any CPU.ActiveCfg = Debug|Any CPU
		{93FB6952-A509-45A1-AE61-6183BF991665}.Debug|Any CPU.Build.0 = Debug|Any CPU
		{93FB6952-A509-45A1-AE61-6183BF991665}.Debug|x64.ActiveCfg = Debug|Any CPU
		{93FB6952-A509-45A1-AE61-6183BF991665}.Debug|x64.Build.0 = Debug|Any CPU
		{93FB6952-A509-45A1-AE61-6183BF991665}.Debug|x86.ActiveCfg = Debug|Any CPU
		{93FB6952-A509-45A1-AE61-6183BF991665}.Debug|x86.Build.0 = Debug|Any CPU
		{93FB6952-A509-45A1-AE61-6183BF991665}.Release|Any CPU.ActiveCfg = Release|Any CPU
		{93FB6952-A509-45A1-AE61-6183BF991665}.Release|Any CPU.Build.0 = Release|Any CPU
		{93FB6952-A509-45A1-AE61-6183BF991665}.Release|x64.ActiveCfg = Release|Any CPU
		{93FB6952-A509-45A1-AE61-6183BF991665}.Release|x64.Build.0 = Release|Any CPU
		{93FB6952-A509-45A1-AE61-6183BF991665}.Release|x86.ActiveCfg = Release|Any CPU
		{93FB6952-A509-45A1-AE61-6183BF991665}.Release|x86.Build.0 = Release|Any CPU
		{D655E66C-A454-4AE1-A745-35E650D3C105}.Debug|Any CPU.ActiveCfg = Debug|Any CPU
		{D655E66C-A454-4AE1-A745-35E650D3C105}.Debug|Any CPU.Build.0 = Debug|Any CPU
		{D655E66C-A454-4AE1-A745-35E650D3C105}.Debug|x64.ActiveCfg = Debug|Any CPU
		{D655E66C-A454-4AE1-A745-35E650D3C105}.Debug|x64.Build.0 = Debug|Any CPU
		{D655E66C-A454-4AE1-A745-35E650D3C105}.Debug|x86.ActiveCfg = Debug|Any CPU
		{D655E66C-A454-4AE1-A745-35E650D3C105}.Debug|x86.Build.0 = Debug|Any CPU
		{D655E66C-A454-4AE1-A745-35E650D3C105}.Release|Any CPU.ActiveCfg = Release|Any CPU
		{D655E66C-A454-4AE1-A745-35E650D3C105}.Release|Any CPU.Build.0 = Release|Any CPU
		{D655E66C-A454-4AE1-A745-35E650D3C105}.Release|x64.ActiveCfg = Release|Any CPU
		{D655E66C-A454-4AE1-A745-35E650D3C105}.Release|x64.Build.0 = Release|Any CPU
		{D655E66C-A454-4AE1-A745-35E650D3C105}.Release|x86.ActiveCfg = Release|Any CPU
		{D655E66C-A454-4AE1-A745-35E650D3C105}.Release|x86.Build.0 = Release|Any CPU
		{FF7D6274-01FF-4531-B898-FD0D210FF6C2}.Debug|Any CPU.ActiveCfg = Debug|Any CPU
		{FF7D6274-01FF-4531-B898-FD0D210FF6C2}.Debug|Any CPU.Build.0 = Debug|Any CPU
		{FF7D6274-01FF-4531-B898-FD0D210FF6C2}.Debug|x64.ActiveCfg = Debug|Any CPU
		{FF7D6274-01FF-4531-B898-FD0D210FF6C2}.Debug|x64.Build.0 = Debug|Any CPU
		{FF7D6274-01FF-4531-B898-FD0D210FF6C2}.Debug|x86.ActiveCfg = Debug|Any CPU
		{FF7D6274-01FF-4531-B898-FD0D210FF6C2}.Debug|x86.Build.0 = Debug|Any CPU
		{FF7D6274-01FF-4531-B898-FD0D210FF6C2}.Release|Any CPU.ActiveCfg = Release|Any CPU
		{FF7D6274-01FF-4531-B898-FD0D210FF6C2}.Release|Any CPU.Build.0 = Release|Any CPU
		{FF7D6274-01FF-4531-B898-FD0D210FF6C2}.Release|x64.ActiveCfg = Release|Any CPU
		{FF7D6274-01FF-4531-B898-FD0D210FF6C2}.Release|x64.Build.0 = Release|Any CPU
		{FF7D6274-01FF-4531-B898-FD0D210FF6C2}.Release|x86.ActiveCfg = Release|Any CPU
		{FF7D6274-01FF-4531-B898-FD0D210FF6C2}.Release|x86.Build.0 = Release|Any CPU
		{15763AAD-1602-4C1B-BA0B-D0FA558C3C1F}.Debug|Any CPU.ActiveCfg = Debug|Any CPU
		{15763AAD-1602-4C1B-BA0B-D0FA558C3C1F}.Debug|Any CPU.Build.0 = Debug|Any CPU
		{15763AAD-1602-4C1B-BA0B-D0FA558C3C1F}.Debug|x64.ActiveCfg = Debug|Any CPU
		{15763AAD-1602-4C1B-BA0B-D0FA558C3C1F}.Debug|x64.Build.0 = Debug|Any CPU
		{15763AAD-1602-4C1B-BA0B-D0FA558C3C1F}.Debug|x86.ActiveCfg = Debug|Any CPU
		{15763AAD-1602-4C1B-BA0B-D0FA558C3C1F}.Debug|x86.Build.0 = Debug|Any CPU
		{15763AAD-1602-4C1B-BA0B-D0FA558C3C1F}.Release|Any CPU.ActiveCfg = Release|Any CPU
		{15763AAD-1602-4C1B-BA0B-D0FA558C3C1F}.Release|Any CPU.Build.0 = Release|Any CPU
		{15763AAD-1602-4C1B-BA0B-D0FA558C3C1F}.Release|x64.ActiveCfg = Release|Any CPU
		{15763AAD-1602-4C1B-BA0B-D0FA558C3C1F}.Release|x64.Build.0 = Release|Any CPU
		{15763AAD-1602-4C1B-BA0B-D0FA558C3C1F}.Release|x86.ActiveCfg = Release|Any CPU
		{15763AAD-1602-4C1B-BA0B-D0FA558C3C1F}.Release|x86.Build.0 = Release|Any CPU
		{A115A30A-4675-456C-8912-309664021E16}.Debug|Any CPU.ActiveCfg = Debug|Any CPU
		{A115A30A-4675-456C-8912-309664021E16}.Debug|Any CPU.Build.0 = Debug|Any CPU
		{A115A30A-4675-456C-8912-309664021E16}.Debug|x64.ActiveCfg = Debug|Any CPU
		{A115A30A-4675-456C-8912-309664021E16}.Debug|x64.Build.0 = Debug|Any CPU
		{A115A30A-4675-456C-8912-309664021E16}.Debug|x86.ActiveCfg = Debug|Any CPU
		{A115A30A-4675-456C-8912-309664021E16}.Debug|x86.Build.0 = Debug|Any CPU
		{A115A30A-4675-456C-8912-309664021E16}.Release|Any CPU.ActiveCfg = Release|Any CPU
		{A115A30A-4675-456C-8912-309664021E16}.Release|Any CPU.Build.0 = Release|Any CPU
		{A115A30A-4675-456C-8912-309664021E16}.Release|x64.ActiveCfg = Release|Any CPU
		{A115A30A-4675-456C-8912-309664021E16}.Release|x64.Build.0 = Release|Any CPU
		{A115A30A-4675-456C-8912-309664021E16}.Release|x86.ActiveCfg = Release|Any CPU
		{A115A30A-4675-456C-8912-309664021E16}.Release|x86.Build.0 = Release|Any CPU
		{E10D8F9B-7A1A-4FC0-8EAE-62868DA12760}.Debug|Any CPU.ActiveCfg = Debug|Any CPU
		{E10D8F9B-7A1A-4FC0-8EAE-62868DA12760}.Debug|Any CPU.Build.0 = Debug|Any CPU
		{E10D8F9B-7A1A-4FC0-8EAE-62868DA12760}.Debug|x64.ActiveCfg = Debug|Any CPU
		{E10D8F9B-7A1A-4FC0-8EAE-62868DA12760}.Debug|x64.Build.0 = Debug|Any CPU
		{E10D8F9B-7A1A-4FC0-8EAE-62868DA12760}.Debug|x86.ActiveCfg = Debug|Any CPU
		{E10D8F9B-7A1A-4FC0-8EAE-62868DA12760}.Debug|x86.Build.0 = Debug|Any CPU
		{E10D8F9B-7A1A-4FC0-8EAE-62868DA12760}.Release|Any CPU.ActiveCfg = Release|Any CPU
		{E10D8F9B-7A1A-4FC0-8EAE-62868DA12760}.Release|Any CPU.Build.0 = Release|Any CPU
		{E10D8F9B-7A1A-4FC0-8EAE-62868DA12760}.Release|x64.ActiveCfg = Release|Any CPU
		{E10D8F9B-7A1A-4FC0-8EAE-62868DA12760}.Release|x64.Build.0 = Release|Any CPU
		{E10D8F9B-7A1A-4FC0-8EAE-62868DA12760}.Release|x86.ActiveCfg = Release|Any CPU
		{E10D8F9B-7A1A-4FC0-8EAE-62868DA12760}.Release|x86.Build.0 = Release|Any CPU
		{99F31F4D-24E0-497B-990E-51D4BF977321}.Debug|Any CPU.ActiveCfg = Debug|Any CPU
		{99F31F4D-24E0-497B-990E-51D4BF977321}.Debug|Any CPU.Build.0 = Debug|Any CPU
		{99F31F4D-24E0-497B-990E-51D4BF977321}.Debug|x64.ActiveCfg = Debug|Any CPU
		{99F31F4D-24E0-497B-990E-51D4BF977321}.Debug|x64.Build.0 = Debug|Any CPU
		{99F31F4D-24E0-497B-990E-51D4BF977321}.Debug|x86.ActiveCfg = Debug|Any CPU
		{99F31F4D-24E0-497B-990E-51D4BF977321}.Debug|x86.Build.0 = Debug|Any CPU
		{99F31F4D-24E0-497B-990E-51D4BF977321}.Release|Any CPU.ActiveCfg = Release|Any CPU
		{99F31F4D-24E0-497B-990E-51D4BF977321}.Release|Any CPU.Build.0 = Release|Any CPU
		{99F31F4D-24E0-497B-990E-51D4BF977321}.Release|x64.ActiveCfg = Release|Any CPU
		{99F31F4D-24E0-497B-990E-51D4BF977321}.Release|x64.Build.0 = Release|Any CPU
		{99F31F4D-24E0-497B-990E-51D4BF977321}.Release|x86.ActiveCfg = Release|Any CPU
		{99F31F4D-24E0-497B-990E-51D4BF977321}.Release|x86.Build.0 = Release|Any CPU
		{1BF8AD7F-5931-461C-9A1F-892D0CF4B3AB}.Debug|Any CPU.ActiveCfg = Debug|Any CPU
		{1BF8AD7F-5931-461C-9A1F-892D0CF4B3AB}.Debug|Any CPU.Build.0 = Debug|Any CPU
		{1BF8AD7F-5931-461C-9A1F-892D0CF4B3AB}.Debug|x64.ActiveCfg = Debug|Any CPU
		{1BF8AD7F-5931-461C-9A1F-892D0CF4B3AB}.Debug|x64.Build.0 = Debug|Any CPU
		{1BF8AD7F-5931-461C-9A1F-892D0CF4B3AB}.Debug|x86.ActiveCfg = Debug|Any CPU
		{1BF8AD7F-5931-461C-9A1F-892D0CF4B3AB}.Debug|x86.Build.0 = Debug|Any CPU
		{1BF8AD7F-5931-461C-9A1F-892D0CF4B3AB}.Release|Any CPU.ActiveCfg = Release|Any CPU
		{1BF8AD7F-5931-461C-9A1F-892D0CF4B3AB}.Release|Any CPU.Build.0 = Release|Any CPU
		{1BF8AD7F-5931-461C-9A1F-892D0CF4B3AB}.Release|x64.ActiveCfg = Release|Any CPU
		{1BF8AD7F-5931-461C-9A1F-892D0CF4B3AB}.Release|x64.Build.0 = Release|Any CPU
		{1BF8AD7F-5931-461C-9A1F-892D0CF4B3AB}.Release|x86.ActiveCfg = Release|Any CPU
		{1BF8AD7F-5931-461C-9A1F-892D0CF4B3AB}.Release|x86.Build.0 = Release|Any CPU
		{E25E243D-4F17-4188-AC86-F77A597C14B3}.Debug|Any CPU.ActiveCfg = Debug|Any CPU
		{E25E243D-4F17-4188-AC86-F77A597C14B3}.Debug|Any CPU.Build.0 = Debug|Any CPU
		{E25E243D-4F17-4188-AC86-F77A597C14B3}.Debug|x64.ActiveCfg = Debug|Any CPU
		{E25E243D-4F17-4188-AC86-F77A597C14B3}.Debug|x64.Build.0 = Debug|Any CPU
		{E25E243D-4F17-4188-AC86-F77A597C14B3}.Debug|x86.ActiveCfg = Debug|Any CPU
		{E25E243D-4F17-4188-AC86-F77A597C14B3}.Debug|x86.Build.0 = Debug|Any CPU
		{E25E243D-4F17-4188-AC86-F77A597C14B3}.Release|Any CPU.ActiveCfg = Release|Any CPU
		{E25E243D-4F17-4188-AC86-F77A597C14B3}.Release|Any CPU.Build.0 = Release|Any CPU
		{E25E243D-4F17-4188-AC86-F77A597C14B3}.Release|x64.ActiveCfg = Release|Any CPU
		{E25E243D-4F17-4188-AC86-F77A597C14B3}.Release|x64.Build.0 = Release|Any CPU
		{E25E243D-4F17-4188-AC86-F77A597C14B3}.Release|x86.ActiveCfg = Release|Any CPU
		{E25E243D-4F17-4188-AC86-F77A597C14B3}.Release|x86.Build.0 = Release|Any CPU
		{32960131-35F0-488B-B692-A173600E02F3}.Debug|Any CPU.ActiveCfg = Debug|Any CPU
		{32960131-35F0-488B-B692-A173600E02F3}.Debug|Any CPU.Build.0 = Debug|Any CPU
		{32960131-35F0-488B-B692-A173600E02F3}.Debug|x64.ActiveCfg = Debug|Any CPU
		{32960131-35F0-488B-B692-A173600E02F3}.Debug|x64.Build.0 = Debug|Any CPU
		{32960131-35F0-488B-B692-A173600E02F3}.Debug|x86.ActiveCfg = Debug|Any CPU
		{32960131-35F0-488B-B692-A173600E02F3}.Debug|x86.Build.0 = Debug|Any CPU
		{32960131-35F0-488B-B692-A173600E02F3}.Release|Any CPU.ActiveCfg = Release|Any CPU
		{32960131-35F0-488B-B692-A173600E02F3}.Release|Any CPU.Build.0 = Release|Any CPU
		{32960131-35F0-488B-B692-A173600E02F3}.Release|x64.ActiveCfg = Release|Any CPU
		{32960131-35F0-488B-B692-A173600E02F3}.Release|x64.Build.0 = Release|Any CPU
		{32960131-35F0-488B-B692-A173600E02F3}.Release|x86.ActiveCfg = Release|Any CPU
		{32960131-35F0-488B-B692-A173600E02F3}.Release|x86.Build.0 = Release|Any CPU
		{7A1EBD2C-46DA-4433-AC50-07B7D922AEA8}.Debug|Any CPU.ActiveCfg = Debug|Any CPU
		{7A1EBD2C-46DA-4433-AC50-07B7D922AEA8}.Debug|Any CPU.Build.0 = Debug|Any CPU
		{7A1EBD2C-46DA-4433-AC50-07B7D922AEA8}.Debug|x64.ActiveCfg = Debug|Any CPU
		{7A1EBD2C-46DA-4433-AC50-07B7D922AEA8}.Debug|x64.Build.0 = Debug|Any CPU
		{7A1EBD2C-46DA-4433-AC50-07B7D922AEA8}.Debug|x86.ActiveCfg = Debug|Any CPU
		{7A1EBD2C-46DA-4433-AC50-07B7D922AEA8}.Debug|x86.Build.0 = Debug|Any CPU
		{7A1EBD2C-46DA-4433-AC50-07B7D922AEA8}.Release|Any CPU.ActiveCfg = Release|Any CPU
		{7A1EBD2C-46DA-4433-AC50-07B7D922AEA8}.Release|Any CPU.Build.0 = Release|Any CPU
		{7A1EBD2C-46DA-4433-AC50-07B7D922AEA8}.Release|x64.ActiveCfg = Release|Any CPU
		{7A1EBD2C-46DA-4433-AC50-07B7D922AEA8}.Release|x64.Build.0 = Release|Any CPU
		{7A1EBD2C-46DA-4433-AC50-07B7D922AEA8}.Release|x86.ActiveCfg = Release|Any CPU
		{7A1EBD2C-46DA-4433-AC50-07B7D922AEA8}.Release|x86.Build.0 = Release|Any CPU
		{CE7A90A1-3099-441F-83F5-8910A07E1D4D}.Debug|Any CPU.ActiveCfg = Debug|Any CPU
		{CE7A90A1-3099-441F-83F5-8910A07E1D4D}.Debug|Any CPU.Build.0 = Debug|Any CPU
		{CE7A90A1-3099-441F-83F5-8910A07E1D4D}.Debug|x64.ActiveCfg = Debug|Any CPU
		{CE7A90A1-3099-441F-83F5-8910A07E1D4D}.Debug|x64.Build.0 = Debug|Any CPU
		{CE7A90A1-3099-441F-83F5-8910A07E1D4D}.Debug|x86.ActiveCfg = Debug|Any CPU
		{CE7A90A1-3099-441F-83F5-8910A07E1D4D}.Debug|x86.Build.0 = Debug|Any CPU
		{CE7A90A1-3099-441F-83F5-8910A07E1D4D}.Release|Any CPU.ActiveCfg = Release|Any CPU
		{CE7A90A1-3099-441F-83F5-8910A07E1D4D}.Release|Any CPU.Build.0 = Release|Any CPU
		{CE7A90A1-3099-441F-83F5-8910A07E1D4D}.Release|x64.ActiveCfg = Release|Any CPU
		{CE7A90A1-3099-441F-83F5-8910A07E1D4D}.Release|x64.Build.0 = Release|Any CPU
		{CE7A90A1-3099-441F-83F5-8910A07E1D4D}.Release|x86.ActiveCfg = Release|Any CPU
		{CE7A90A1-3099-441F-83F5-8910A07E1D4D}.Release|x86.Build.0 = Release|Any CPU
		{A1B06004-3D70-41A8-AB31-3D3E2DF1B6D2}.Debug|Any CPU.ActiveCfg = Debug|Any CPU
		{A1B06004-3D70-41A8-AB31-3D3E2DF1B6D2}.Debug|Any CPU.Build.0 = Debug|Any CPU
		{A1B06004-3D70-41A8-AB31-3D3E2DF1B6D2}.Debug|x64.ActiveCfg = Debug|Any CPU
		{A1B06004-3D70-41A8-AB31-3D3E2DF1B6D2}.Debug|x64.Build.0 = Debug|Any CPU
		{A1B06004-3D70-41A8-AB31-3D3E2DF1B6D2}.Debug|x86.ActiveCfg = Debug|Any CPU
		{A1B06004-3D70-41A8-AB31-3D3E2DF1B6D2}.Debug|x86.Build.0 = Debug|Any CPU
		{A1B06004-3D70-41A8-AB31-3D3E2DF1B6D2}.Release|Any CPU.ActiveCfg = Release|Any CPU
		{A1B06004-3D70-41A8-AB31-3D3E2DF1B6D2}.Release|Any CPU.Build.0 = Release|Any CPU
		{A1B06004-3D70-41A8-AB31-3D3E2DF1B6D2}.Release|x64.ActiveCfg = Release|Any CPU
		{A1B06004-3D70-41A8-AB31-3D3E2DF1B6D2}.Release|x64.Build.0 = Release|Any CPU
		{A1B06004-3D70-41A8-AB31-3D3E2DF1B6D2}.Release|x86.ActiveCfg = Release|Any CPU
		{A1B06004-3D70-41A8-AB31-3D3E2DF1B6D2}.Release|x86.Build.0 = Release|Any CPU
	EndGlobalSection
	GlobalSection(SolutionProperties) = preSolution
		HideSolutionNode = FALSE
	EndGlobalSection
	GlobalSection(NestedProjects) = preSolution
		{C8E42992-5E42-0C2B-DBFE-AA848D06431C} = {827E0CD3-B72D-47B6-A68D-7590B98EB39B}
		{7907C6E0-BB65-455B-AC61-F7D600F1431B} = {C8E42992-5E42-0C2B-DBFE-AA848D06431C}
		{00CED4EB-18CD-465B-85CF-C1EB5EB29D35} = {C8E42992-5E42-0C2B-DBFE-AA848D06431C}
		{6F52588D-3FBB-4951-82C9-EAC91241B8A7} = {C8E42992-5E42-0C2B-DBFE-AA848D06431C}
		{4E203DC3-1775-4279-92AE-DDED603A8C8B} = {C8E42992-5E42-0C2B-DBFE-AA848D06431C}
		{0F22E04F-3E00-4710-87AC-698A7CBB2220} = {C8E42992-5E42-0C2B-DBFE-AA848D06431C}
		{1EDA074F-EAC3-4B84-81AA-FF729FF4A595} = {C8E42992-5E42-0C2B-DBFE-AA848D06431C}
		{75B0FF1D-17BD-4279-A3B0-4820F048E9EA} = {C8E42992-5E42-0C2B-DBFE-AA848D06431C}
		{F139D1B9-218D-4634-AB5B-463E082AC8F7} = {C8E42992-5E42-0C2B-DBFE-AA848D06431C}
		{51381BE0-F65F-4BB0-914B-41788537A6B5} = {C8E42992-5E42-0C2B-DBFE-AA848D06431C}
		{C6C780C5-2C31-4755-AA9A-244B21BD48D3} = {C8E42992-5E42-0C2B-DBFE-AA848D06431C}
		{12E4EB76-1F4B-4D9B-904B-8B9FF605723F} = {C8E42992-5E42-0C2B-DBFE-AA848D06431C}
		{93FB6952-A509-45A1-AE61-6183BF991665} = {C8E42992-5E42-0C2B-DBFE-AA848D06431C}
		{D655E66C-A454-4AE1-A745-35E650D3C105} = {C8E42992-5E42-0C2B-DBFE-AA848D06431C}
		{FF7D6274-01FF-4531-B898-FD0D210FF6C2} = {C8E42992-5E42-0C2B-DBFE-AA848D06431C}
		{15763AAD-1602-4C1B-BA0B-D0FA558C3C1F} = {C8E42992-5E42-0C2B-DBFE-AA848D06431C}
		{A115A30A-4675-456C-8912-309664021E16} = {C8E42992-5E42-0C2B-DBFE-AA848D06431C}
		{E10D8F9B-7A1A-4FC0-8EAE-62868DA12760} = {C8E42992-5E42-0C2B-DBFE-AA848D06431C}
		{99F31F4D-24E0-497B-990E-51D4BF977321} = {C8E42992-5E42-0C2B-DBFE-AA848D06431C}
		{1BF8AD7F-5931-461C-9A1F-892D0CF4B3AB} = {C8E42992-5E42-0C2B-DBFE-AA848D06431C}
		{E25E243D-4F17-4188-AC86-F77A597C14B3} = {C8E42992-5E42-0C2B-DBFE-AA848D06431C}
		{32960131-35F0-488B-B692-A173600E02F3} = {C8E42992-5E42-0C2B-DBFE-AA848D06431C}
		{7A1EBD2C-46DA-4433-AC50-07B7D922AEA8} = {C8E42992-5E42-0C2B-DBFE-AA848D06431C}
		{CE7A90A1-3099-441F-83F5-8910A07E1D4D} = {C8E42992-5E42-0C2B-DBFE-AA848D06431C}
		{A1B06004-3D70-41A8-AB31-3D3E2DF1B6D2} = {C8E42992-5E42-0C2B-DBFE-AA848D06431C}
	EndGlobalSection
EndGlobal
